
Microsoft Visual Studio Solution File, Format Version 12.00
# Visual Studio Version 17
VisualStudioVersion = 17.5.33627.172
MinimumVisualStudioVersion = 10.0.40219.1
Project("{FAE04EC0-301F-11D3-BF4B-00C04F79EFBC}") = "LuxsuryWhatches", "LuxsuryWhatches.csproj", "{68B337DF-7F75-403C-A8EA-6E2A30A4FEF2}"
EndProject
Project("{FAE04EC0-301F-11D3-BF4B-00C04F79EFBC}") = "LuxuryWhaches.BisnessLayer", "..\LuxuryWhaches.BisnessLayer\LuxuryWhaches.BisnessLayer.csproj", "{5D8C2A80-7CD5-42D2-A397-BAD7ABED59B4}"
EndProject
Project("{FAE04EC0-301F-11D3-BF4B-00C04F79EFBC}") = "LuxuryWhaches.DataAcsessLayer", "..\LuxuryWhaches.DataAcsessLayer\LuxuryWhaches.DataAcsessLayer.csproj", "{B6E97597-F879-4BF8-9079-1355BA6F5B95}"
EndProject
Project("{FAE04EC0-301F-11D3-BF4B-00C04F79EFBC}") = "LuxuryWhaches.EntityLayer", "..\LuxuryWhaches.EntityLayer\LuxuryWhaches.EntityLayer.csproj", "{2D5F55EF-D2DC-4679-936C-A7931CEBC536}"
EndProject
Global
	GlobalSection(SolutionConfigurationPlatforms) = preSolution
		Debug|Any CPU = Debug|Any CPU
		Release|Any CPU = Release|Any CPU
	EndGlobalSection
	GlobalSection(ProjectConfigurationPlatforms) = postSolution
		{68B337DF-7F75-403C-A8EA-6E2A30A4FEF2}.Debug|Any CPU.ActiveCfg = Debug|Any CPU
		{68B337DF-7F75-403C-A8EA-6E2A30A4FEF2}.Debug|Any CPU.Build.0 = Debug|Any CPU
		{68B337DF-7F75-403C-A8EA-6E2A30A4FEF2}.Release|Any CPU.ActiveCfg = Release|Any CPU
		{68B337DF-7F75-403C-A8EA-6E2A30A4FEF2}.Release|Any CPU.Build.0 = Release|Any CPU
		{5D8C2A80-7CD5-42D2-A397-BAD7ABED59B4}.Debug|Any CPU.ActiveCfg = Debug|Any CPU
		{5D8C2A80-7CD5-42D2-A397-BAD7ABED59B4}.Debug|Any CPU.Build.0 = Debug|Any CPU
		{5D8C2A80-7CD5-42D2-A397-BAD7ABED59B4}.Release|Any CPU.ActiveCfg = Release|Any CPU
		{5D8C2A80-7CD5-42D2-A397-BAD7ABED59B4}.Release|Any CPU.Build.0 = Release|Any CPU
		{B6E97597-F879-4BF8-9079-1355BA6F5B95}.Debug|Any CPU.ActiveCfg = Debug|Any CPU
		{B6E97597-F879-4BF8-9079-1355BA6F5B95}.Debug|Any CPU.Build.0 = Debug|Any CPU
		{B6E97597-F879-4BF8-9079-1355BA6F5B95}.Release|Any CPU.ActiveCfg = Release|Any CPU
		{B6E97597-F879-4BF8-9079-1355BA6F5B95}.Release|Any CPU.Build.0 = Release|Any CPU
		{2D5F55EF-D2DC-4679-936C-A7931CEBC536}.Debug|Any CPU.ActiveCfg = Debug|Any CPU
		{2D5F55EF-D2DC-4679-936C-A7931CEBC536}.Debug|Any CPU.Build.0 = Debug|Any CPU
		{2D5F55EF-D2DC-4679-936C-A7931CEBC536}.Release|Any CPU.ActiveCfg = Release|Any CPU
		{2D5F55EF-D2DC-4679-936C-A7931CEBC536}.Release|Any CPU.Build.0 = Release|Any CPU
	EndGlobalSection
	GlobalSection(SolutionProperties) = preSolution
		HideSolutionNode = FALSE
	EndGlobalSection
	GlobalSection(ExtensibilityGlobals) = postSolution
		SolutionGuid = {7E29B4FF-ECBD-49FF-AAC0-C28860B3DCE7}
	EndGlobalSection
EndGlobal
